// !$*UTF8*$!
{
	archiveVersion = 1;
	classes = {
	};
	objectVersion = 46;
	objects = {

/* Begin PBXBuildFile section */
		00E274B3185A430600D7E6F0 /* Foundation.framework in Frameworks */ = {isa = PBXBuildFile; fileRef = 00E274B2185A430600D7E6F0 /* Foundation.framework */; };
		00E274B5185A430600D7E6F0 /* CoreGraphics.framework in Frameworks */ = {isa = PBXBuildFile; fileRef = 00E274B4185A430600D7E6F0 /* CoreGraphics.framework */; };
		00E274B7185A430600D7E6F0 /* UIKit.framework in Frameworks */ = {isa = PBXBuildFile; fileRef = 00E274B6185A430600D7E6F0 /* UIKit.framework */; };
		00E274BD185A430600D7E6F0 /* InfoPlist.strings in Resources */ = {isa = PBXBuildFile; fileRef = 00E274BB185A430600D7E6F0 /* InfoPlist.strings */; };
		00E274BF185A430600D7E6F0 /* main.m in Sources */ = {isa = PBXBuildFile; fileRef = 00E274BE185A430600D7E6F0 /* main.m */; };
		00E274C3185A430600D7E6F0 /* AppDelegate.m in Sources */ = {isa = PBXBuildFile; fileRef = 00E274C2185A430600D7E6F0 /* AppDelegate.m */; };
		00E274C5185A430600D7E6F0 /* Images.xcassets in Resources */ = {isa = PBXBuildFile; fileRef = 00E274C4185A430600D7E6F0 /* Images.xcassets */; };
		00E274CC185A430600D7E6F0 /* XCTest.framework in Frameworks */ = {isa = PBXBuildFile; fileRef = 00E274CB185A430600D7E6F0 /* XCTest.framework */; };
		00E274CD185A430600D7E6F0 /* Foundation.framework in Frameworks */ = {isa = PBXBuildFile; fileRef = 00E274B2185A430600D7E6F0 /* Foundation.framework */; };
		00E274CE185A430600D7E6F0 /* UIKit.framework in Frameworks */ = {isa = PBXBuildFile; fileRef = 00E274B6185A430600D7E6F0 /* UIKit.framework */; };
		00E274D6185A430600D7E6F0 /* InfoPlist.strings in Resources */ = {isa = PBXBuildFile; fileRef = 00E274D4185A430600D7E6F0 /* InfoPlist.strings */; };
		00E274D8185A430600D7E6F0 /* BMScalingTableViewTests.m in Sources */ = {isa = PBXBuildFile; fileRef = 00E274D7185A430600D7E6F0 /* BMScalingTableViewTests.m */; };
		00E274E4185A440800D7E6F0 /* BMScalingTableView.m in Sources */ = {isa = PBXBuildFile; fileRef = 00E274E3185A440800D7E6F0 /* BMScalingTableView.m */; };
		00E274EB185A485C00D7E6F0 /* TestingVC.m in Sources */ = {isa = PBXBuildFile; fileRef = 00E274EA185A485C00D7E6F0 /* TestingVC.m */; };
		20DA61796247480D828E2A69 /* libPods.a in Frameworks */ = {isa = PBXBuildFile; fileRef = 341582F028034173AEF2E89D /* libPods.a */; };
/* End PBXBuildFile section */

/* Begin PBXContainerItemProxy section */
		00E274CF185A430600D7E6F0 /* PBXContainerItemProxy */ = {
			isa = PBXContainerItemProxy;
			containerPortal = 00E274A7185A430600D7E6F0 /* Project object */;
			proxyType = 1;
			remoteGlobalIDString = 00E274AE185A430600D7E6F0;
			remoteInfo = BMScalingTableView;
		};
/* End PBXContainerItemProxy section */

/* Begin PBXFileReference section */
		00E274AF185A430600D7E6F0 /* BMScalingTableView.app */ = {isa = PBXFileReference; explicitFileType = wrapper.application; includeInIndex = 0; path = BMScalingTableView.app; sourceTree = BUILT_PRODUCTS_DIR; };
		00E274B2185A430600D7E6F0 /* Foundation.framework */ = {isa = PBXFileReference; lastKnownFileType = wrapper.framework; name = Foundation.framework; path = System/Library/Frameworks/Foundation.framework; sourceTree = SDKROOT; };
		00E274B4185A430600D7E6F0 /* CoreGraphics.framework */ = {isa = PBXFileReference; lastKnownFileType = wrapper.framework; name = CoreGraphics.framework; path = System/Library/Frameworks/CoreGraphics.framework; sourceTree = SDKROOT; };
		00E274B6185A430600D7E6F0 /* UIKit.framework */ = {isa = PBXFileReference; lastKnownFileType = wrapper.framework; name = UIKit.framework; path = System/Library/Frameworks/UIKit.framework; sourceTree = SDKROOT; };
		00E274BA185A430600D7E6F0 /* BMScalingTableView-Info.plist */ = {isa = PBXFileReference; lastKnownFileType = text.plist.xml; path = "BMScalingTableView-Info.plist"; sourceTree = "<group>"; };
		00E274BC185A430600D7E6F0 /* en */ = {isa = PBXFileReference; lastKnownFileType = text.plist.strings; name = en; path = en.lproj/InfoPlist.strings; sourceTree = "<group>"; };
		00E274BE185A430600D7E6F0 /* main.m */ = {isa = PBXFileReference; lastKnownFileType = sourcecode.c.objc; path = main.m; sourceTree = "<group>"; };
		00E274C0185A430600D7E6F0 /* BMScalingTableView-Prefix.pch */ = {isa = PBXFileReference; lastKnownFileType = sourcecode.c.h; path = "BMScalingTableView-Prefix.pch"; sourceTree = "<group>"; };
		00E274C1185A430600D7E6F0 /* AppDelegate.h */ = {isa = PBXFileReference; lastKnownFileType = sourcecode.c.h; path = AppDelegate.h; sourceTree = "<group>"; };
		00E274C2185A430600D7E6F0 /* AppDelegate.m */ = {isa = PBXFileReference; lastKnownFileType = sourcecode.c.objc; path = AppDelegate.m; sourceTree = "<group>"; };
		00E274C4185A430600D7E6F0 /* Images.xcassets */ = {isa = PBXFileReference; lastKnownFileType = folder.assetcatalog; path = Images.xcassets; sourceTree = "<group>"; };
		00E274CA185A430600D7E6F0 /* BMScalingTableViewTests.xctest */ = {isa = PBXFileReference; explicitFileType = wrapper.cfbundle; includeInIndex = 0; path = BMScalingTableViewTests.xctest; sourceTree = BUILT_PRODUCTS_DIR; };
		00E274CB185A430600D7E6F0 /* XCTest.framework */ = {isa = PBXFileReference; lastKnownFileType = wrapper.framework; name = XCTest.framework; path = Library/Frameworks/XCTest.framework; sourceTree = DEVELOPER_DIR; };
		00E274D3185A430600D7E6F0 /* BMScalingTableViewTests-Info.plist */ = {isa = PBXFileReference; lastKnownFileType = text.plist.xml; path = "BMScalingTableViewTests-Info.plist"; sourceTree = "<group>"; };
		00E274D5185A430600D7E6F0 /* en */ = {isa = PBXFileReference; lastKnownFileType = text.plist.strings; name = en; path = en.lproj/InfoPlist.strings; sourceTree = "<group>"; };
		00E274D7185A430600D7E6F0 /* BMScalingTableViewTests.m */ = {isa = PBXFileReference; lastKnownFileType = sourcecode.c.objc; path = BMScalingTableViewTests.m; sourceTree = "<group>"; };
		00E274E2185A440800D7E6F0 /* BMScalingTableView.h */ = {isa = PBXFileReference; fileEncoding = 4; lastKnownFileType = sourcecode.c.h; name = BMScalingTableView.h; path = BMScalingTableView/BMScalingTableView.h; sourceTree = "<group>"; };
		00E274E3185A440800D7E6F0 /* BMScalingTableView.m */ = {isa = PBXFileReference; fileEncoding = 4; lastKnownFileType = sourcecode.c.objc; name = BMScalingTableView.m; path = BMScalingTableView/BMScalingTableView.m; sourceTree = "<group>"; };
		00E274E9185A485C00D7E6F0 /* TestingVC.h */ = {isa = PBXFileReference; fileEncoding = 4; lastKnownFileType = sourcecode.c.h; name = TestingVC.h; path = SourceCode/TestingVC.h; sourceTree = SOURCE_ROOT; };
		00E274EA185A485C00D7E6F0 /* TestingVC.m */ = {isa = PBXFileReference; fileEncoding = 4; lastKnownFileType = sourcecode.c.objc; name = TestingVC.m; path = SourceCode/TestingVC.m; sourceTree = SOURCE_ROOT; };
		341582F028034173AEF2E89D /* libPods.a */ = {isa = PBXFileReference; explicitFileType = archive.ar; includeInIndex = 0; path = libPods.a; sourceTree = BUILT_PRODUCTS_DIR; };
		F020E9529A2B47A08434263B /* Pods.xcconfig */ = {isa = PBXFileReference; includeInIndex = 1; lastKnownFileType = text.xcconfig; name = Pods.xcconfig; path = CocoaPods/Pods/Pods.xcconfig; sourceTree = "<group>"; };
/* End PBXFileReference section */

/* Begin PBXFrameworksBuildPhase section */
		00E274AC185A430600D7E6F0 /* Frameworks */ = {
			isa = PBXFrameworksBuildPhase;
			buildActionMask = 2147483647;
			files = (
				00E274B5185A430600D7E6F0 /* CoreGraphics.framework in Frameworks */,
				00E274B7185A430600D7E6F0 /* UIKit.framework in Frameworks */,
				00E274B3185A430600D7E6F0 /* Foundation.framework in Frameworks */,
				20DA61796247480D828E2A69 /* libPods.a in Frameworks */,
			);
			runOnlyForDeploymentPostprocessing = 0;
		};
		00E274C7185A430600D7E6F0 /* Frameworks */ = {
			isa = PBXFrameworksBuildPhase;
			buildActionMask = 2147483647;
			files = (
				00E274CC185A430600D7E6F0 /* XCTest.framework in Frameworks */,
				00E274CE185A430600D7E6F0 /* UIKit.framework in Frameworks */,
				00E274CD185A430600D7E6F0 /* Foundation.framework in Frameworks */,
			);
			runOnlyForDeploymentPostprocessing = 0;
		};
/* End PBXFrameworksBuildPhase section */

/* Begin PBXGroup section */
		00E274A6185A430600D7E6F0 = {
			isa = PBXGroup;
			children = (
				00E274B8185A430600D7E6F0 /* BMScalingTableView */,
				00E274D1185A430600D7E6F0 /* BMScalingTableViewTests */,
				00E274B1185A430600D7E6F0 /* Frameworks */,
				00E274B0185A430600D7E6F0 /* Products */,
				F020E9529A2B47A08434263B /* Pods.xcconfig */,
			);
			sourceTree = "<group>";
		};
		00E274B0185A430600D7E6F0 /* Products */ = {
			isa = PBXGroup;
			children = (
				00E274AF185A430600D7E6F0 /* BMScalingTableView.app */,
				00E274CA185A430600D7E6F0 /* BMScalingTableViewTests.xctest */,
			);
			name = Products;
			sourceTree = "<group>";
		};
		00E274B1185A430600D7E6F0 /* Frameworks */ = {
			isa = PBXGroup;
			children = (
				00E274B2185A430600D7E6F0 /* Foundation.framework */,
				00E274B4185A430600D7E6F0 /* CoreGraphics.framework */,
				00E274B6185A430600D7E6F0 /* UIKit.framework */,
				00E274CB185A430600D7E6F0 /* XCTest.framework */,
				341582F028034173AEF2E89D /* libPods.a */,
			);
			name = Frameworks;
			sourceTree = "<group>";
		};
		00E274B8185A430600D7E6F0 /* BMScalingTableView */ = {
			isa = PBXGroup;
			children = (
				00E274E8185A476A00D7E6F0 /* MVC */,
				00E274B9185A430600D7E6F0 /* Supporting Files */,
			);
			path = BMScalingTableView;
			sourceTree = "<group>";
		};
		00E274B9185A430600D7E6F0 /* Supporting Files */ = {
			isa = PBXGroup;
			children = (
				00E274C4185A430600D7E6F0 /* Images.xcassets */,
				00E274BA185A430600D7E6F0 /* BMScalingTableView-Info.plist */,
				00E274BB185A430600D7E6F0 /* InfoPlist.strings */,
				00E274BE185A430600D7E6F0 /* main.m */,
				00E274C0185A430600D7E6F0 /* BMScalingTableView-Prefix.pch */,
			);
			name = "Supporting Files";
			sourceTree = "<group>";
		};
		00E274D1185A430600D7E6F0 /* BMScalingTableViewTests */ = {
			isa = PBXGroup;
			children = (
				00E274D7185A430600D7E6F0 /* BMScalingTableViewTests.m */,
				00E274D2185A430600D7E6F0 /* Supporting Files */,
			);
			path = BMScalingTableViewTests;
			sourceTree = "<group>";
		};
		00E274D2185A430600D7E6F0 /* Supporting Files */ = {
			isa = PBXGroup;
			children = (
				00E274D3185A430600D7E6F0 /* BMScalingTableViewTests-Info.plist */,
				00E274D4185A430600D7E6F0 /* InfoPlist.strings */,
			);
			name = "Supporting Files";
			sourceTree = "<group>";
		};
		00E274E1185A431500D7E6F0 /* AppDelegate */ = {
			isa = PBXGroup;
			children = (
				00E274C1185A430600D7E6F0 /* AppDelegate.h */,
				00E274C2185A430600D7E6F0 /* AppDelegate.m */,
			);
			name = AppDelegate;
			sourceTree = "<group>";
		};
		00E274E5185A473600D7E6F0 /* BMScalingTableView */ = {
			isa = PBXGroup;
			children = (
				00E274E2185A440800D7E6F0 /* BMScalingTableView.h */,
				00E274E3185A440800D7E6F0 /* BMScalingTableView.m */,
			);
			name = BMScalingTableView;
			sourceTree = "<group>";
		};
		00E274E6185A474200D7E6F0 /* Controller */ = {
			isa = PBXGroup;
			children = (
				00E274E1185A431500D7E6F0 /* AppDelegate */,
			);
			name = Controller;
			sourceTree = "<group>";
		};
		00E274E7185A475500D7E6F0 /* View */ = {
			isa = PBXGroup;
			children = (
				00E274E5185A473600D7E6F0 /* BMScalingTableView */,
				00E274EC185A486000D7E6F0 /* TestingVC */,
			);
			name = View;
			sourceTree = "<group>";
		};
		00E274E8185A476A00D7E6F0 /* MVC */ = {
			isa = PBXGroup;
			children = (
				00E274E7185A475500D7E6F0 /* View */,
				00E274E6185A474200D7E6F0 /* Controller */,
			);
			name = MVC;
			sourceTree = "<group>";
		};
		00E274EC185A486000D7E6F0 /* TestingVC */ = {
			isa = PBXGroup;
			children = (
				00E274E9185A485C00D7E6F0 /* TestingVC.h */,
				00E274EA185A485C00D7E6F0 /* TestingVC.m */,
			);
			name = TestingVC;
			sourceTree = "<group>";
		};
/* End PBXGroup section */

/* Begin PBXNativeTarget section */
		00E274AE185A430600D7E6F0 /* BMScalingTableView */ = {
			isa = PBXNativeTarget;
			buildConfigurationList = 00E274DB185A430600D7E6F0 /* Build configuration list for PBXNativeTarget "BMScalingTableView" */;
			buildPhases = (
				1F1351322FBF4739BE26A801 /* Check Pods Manifest.lock */,
				00E274AB185A430600D7E6F0 /* Sources */,
				00E274AC185A430600D7E6F0 /* Frameworks */,
				00E274AD185A430600D7E6F0 /* Resources */,
				10A6E7C254C8430EA19B3272 /* Copy Pods Resources */,
			);
			buildRules = (
			);
			dependencies = (
			);
			name = BMScalingTableView;
			productName = BMScalingTableView;
			productReference = 00E274AF185A430600D7E6F0 /* BMScalingTableView.app */;
			productType = "com.apple.product-type.application";
		};
		00E274C9185A430600D7E6F0 /* BMScalingTableViewTests */ = {
			isa = PBXNativeTarget;
			buildConfigurationList = 00E274DE185A430600D7E6F0 /* Build configuration list for PBXNativeTarget "BMScalingTableViewTests" */;
			buildPhases = (
				00E274C6185A430600D7E6F0 /* Sources */,
				00E274C7185A430600D7E6F0 /* Frameworks */,
				00E274C8185A430600D7E6F0 /* Resources */,
			);
			buildRules = (
			);
			dependencies = (
				00E274D0185A430600D7E6F0 /* PBXTargetDependency */,
			);
			name = BMScalingTableViewTests;
			productName = BMScalingTableViewTests;
			productReference = 00E274CA185A430600D7E6F0 /* BMScalingTableViewTests.xctest */;
			productType = "com.apple.product-type.bundle.unit-test";
		};
/* End PBXNativeTarget section */

/* Begin PBXProject section */
		00E274A7185A430600D7E6F0 /* Project object */ = {
			isa = PBXProject;
			attributes = {
				LastUpgradeCheck = 0500;
				ORGANIZATIONNAME = bearMountain;
				TargetAttributes = {
					00E274C9185A430600D7E6F0 = {
						TestTargetID = 00E274AE185A430600D7E6F0;
					};
				};
			};
			buildConfigurationList = 00E274AA185A430600D7E6F0 /* Build configuration list for PBXProject "BMScalingTableView" */;
			compatibilityVersion = "Xcode 3.2";
			developmentRegion = English;
			hasScannedForEncodings = 0;
			knownRegions = (
				en,
			);
			mainGroup = 00E274A6185A430600D7E6F0;
			productRefGroup = 00E274B0185A430600D7E6F0 /* Products */;
			projectDirPath = "";
			projectRoot = "";
			targets = (
				00E274AE185A430600D7E6F0 /* BMScalingTableView */,
				00E274C9185A430600D7E6F0 /* BMScalingTableViewTests */,
			);
		};
/* End PBXProject section */

/* Begin PBXResourcesBuildPhase section */
		00E274AD185A430600D7E6F0 /* Resources */ = {
			isa = PBXResourcesBuildPhase;
			buildActionMask = 2147483647;
			files = (
				00E274BD185A430600D7E6F0 /* InfoPlist.strings in Resources */,
				00E274C5185A430600D7E6F0 /* Images.xcassets in Resources */,
			);
			runOnlyForDeploymentPostprocessing = 0;
		};
		00E274C8185A430600D7E6F0 /* Resources */ = {
			isa = PBXResourcesBuildPhase;
			buildActionMask = 2147483647;
			files = (
				00E274D6185A430600D7E6F0 /* InfoPlist.strings in Resources */,
			);
			runOnlyForDeploymentPostprocessing = 0;
		};
/* End PBXResourcesBuildPhase section */

/* Begin PBXShellScriptBuildPhase section */
		10A6E7C254C8430EA19B3272 /* Copy Pods Resources */ = {
			isa = PBXShellScriptBuildPhase;
			buildActionMask = 2147483647;
			files = (
			);
			inputPaths = (
			);
			name = "Copy Pods Resources";
			outputPaths = (
			);
			runOnlyForDeploymentPostprocessing = 0;
			shellPath = /bin/sh;
			shellScript = "\"${SRCROOT}/CocoaPods/Pods/Pods-resources.sh\"\n";
			showEnvVarsInLog = 0;
		};
		1F1351322FBF4739BE26A801 /* Check Pods Manifest.lock */ = {
			isa = PBXShellScriptBuildPhase;
			buildActionMask = 2147483647;
			files = (
			);
			inputPaths = (
			);
			name = "Check Pods Manifest.lock";
			outputPaths = (
			);
			runOnlyForDeploymentPostprocessing = 0;
			shellPath = /bin/sh;
			shellScript = "diff \"${PODS_ROOT}/../Podfile.lock\" \"${PODS_ROOT}/Manifest.lock\" > /dev/null\nif [[ $? != 0 ]] ; then\n    cat << EOM\nerror: The sandbox is not in sync with the Podfile.lock. Run 'pod install' or update your CocoaPods installation.\nEOM\n    exit 1\nfi\n";
			showEnvVarsInLog = 0;
		};
/* End PBXShellScriptBuildPhase section */

/* Begin PBXSourcesBuildPhase section */
		00E274AB185A430600D7E6F0 /* Sources */ = {
			isa = PBXSourcesBuildPhase;
			buildActionMask = 2147483647;
			files = (
				00E274C3185A430600D7E6F0 /* AppDelegate.m in Sources */,
				00E274EB185A485C00D7E6F0 /* TestingVC.m in Sources */,
				00E274BF185A430600D7E6F0 /* main.m in Sources */,
				00E274E4185A440800D7E6F0 /* BMScalingTableView.m in Sources */,
			);
			runOnlyForDeploymentPostprocessing = 0;
		};
		00E274C6185A430600D7E6F0 /* Sources */ = {
			isa = PBXSourcesBuildPhase;
			buildActionMask = 2147483647;
			files = (
				00E274D8185A430600D7E6F0 /* BMScalingTableViewTests.m in Sources */,
			);
			runOnlyForDeploymentPostprocessing = 0;
		};
/* End PBXSourcesBuildPhase section */

/* Begin PBXTargetDependency section */
		00E274D0185A430600D7E6F0 /* PBXTargetDependency */ = {
			isa = PBXTargetDependency;
			target = 00E274AE185A430600D7E6F0 /* BMScalingTableView */;
			targetProxy = 00E274CF185A430600D7E6F0 /* PBXContainerItemProxy */;
		};
/* End PBXTargetDependency section */

/* Begin PBXVariantGroup section */
		00E274BB185A430600D7E6F0 /* InfoPlist.strings */ = {
			isa = PBXVariantGroup;
			children = (
				00E274BC185A430600D7E6F0 /* en */,
			);
			name = InfoPlist.strings;
			sourceTree = "<group>";
		};
		00E274D4185A430600D7E6F0 /* InfoPlist.strings */ = {
			isa = PBXVariantGroup;
			children = (
				00E274D5185A430600D7E6F0 /* en */,
			);
			name = InfoPlist.strings;
			sourceTree = "<group>";
		};
/* End PBXVariantGroup section */

/* Begin XCBuildConfiguration section */
		00E274D9185A430600D7E6F0 /* Debug */ = {
			isa = XCBuildConfiguration;
			buildSettings = {
				ALWAYS_SEARCH_USER_PATHS = NO;
				ARCHS = "$(ARCHS_STANDARD_INCLUDING_64_BIT)";
				CLANG_CXX_LANGUAGE_STANDARD = "gnu++0x";
				CLANG_CXX_LIBRARY = "libc++";
				CLANG_ENABLE_MODULES = YES;
				CLANG_ENABLE_OBJC_ARC = YES;
				CLANG_WARN_BOOL_CONVERSION = YES;
				CLANG_WARN_CONSTANT_CONVERSION = YES;
				CLANG_WARN_DIRECT_OBJC_ISA_USAGE = YES_ERROR;
				CLANG_WARN_EMPTY_BODY = YES;
				CLANG_WARN_ENUM_CONVERSION = YES;
				CLANG_WARN_INT_CONVERSION = YES;
				CLANG_WARN_OBJC_ROOT_CLASS = YES_ERROR;
				CLANG_WARN__DUPLICATE_METHOD_MATCH = YES;
				"CODE_SIGN_IDENTITY[sdk=iphoneos*]" = "iPhone Developer";
				COPY_PHASE_STRIP = NO;
				GCC_C_LANGUAGE_STANDARD = gnu99;
				GCC_DYNAMIC_NO_PIC = NO;
				GCC_OPTIMIZATION_LEVEL = 0;
				GCC_PREPROCESSOR_DEFINITIONS = (
					"DEBUG=1",
					"$(inherited)",
				);
				GCC_SYMBOLS_PRIVATE_EXTERN = NO;
				GCC_WARN_64_TO_32_BIT_CONVERSION = YES;
				GCC_WARN_ABOUT_RETURN_TYPE = YES_ERROR;
				GCC_WARN_UNDECLARED_SELECTOR = YES;
				GCC_WARN_UNINITIALIZED_AUTOS = YES;
				GCC_WARN_UNUSED_FUNCTION = YES;
				GCC_WARN_UNUSED_VARIABLE = YES;
				IPHONEOS_DEPLOYMENT_TARGET = 7.0;
				ONLY_ACTIVE_ARCH = YES;
				SDKROOT = iphoneos;
				TARGETED_DEVICE_FAMILY = "1,2";
			};
			name = Debug;
		};
		00E274DA185A430600D7E6F0 /* Release */ = {
			isa = XCBuildConfiguration;
			buildSettings = {
				ALWAYS_SEARCH_USER_PATHS = NO;
				ARCHS = "$(ARCHS_STANDARD_INCLUDING_64_BIT)";
				CLANG_CXX_LANGUAGE_STANDARD = "gnu++0x";
				CLANG_CXX_LIBRARY = "libc++";
				CLANG_ENABLE_MODULES = YES;
				CLANG_ENABLE_OBJC_ARC = YES;
				CLANG_WARN_BOOL_CONVERSION = YES;
				CLANG_WARN_CONSTANT_CONVERSION = YES;
				CLANG_WARN_DIRECT_OBJC_ISA_USAGE = YES_ERROR;
				CLANG_WARN_EMPTY_BODY = YES;
				CLANG_WARN_ENUM_CONVERSION = YES;
				CLANG_WARN_INT_CONVERSION = YES;
				CLANG_WARN_OBJC_ROOT_CLASS = YES_ERROR;
				CLANG_WARN__DUPLICATE_METHOD_MATCH = YES;
				"CODE_SIGN_IDENTITY[sdk=iphoneos*]" = "iPhone Developer";
				COPY_PHASE_STRIP = YES;
				ENABLE_NS_ASSERTIONS = NO;
				GCC_C_LANGUAGE_STANDARD = gnu99;
				GCC_WARN_64_TO_32_BIT_CONVERSION = YES;
				GCC_WARN_ABOUT_RETURN_TYPE = YES_ERROR;
				GCC_WARN_UNDECLARED_SELECTOR = YES;
				GCC_WARN_UNINITIALIZED_AUTOS = YES;
				GCC_WARN_UNUSED_FUNCTION = YES;
				GCC_WARN_UNUSED_VARIABLE = YES;
				IPHONEOS_DEPLOYMENT_TARGET = 7.0;
				SDKROOT = iphoneos;
				TARGETED_DEVICE_FAMILY = "1,2";
				VALIDATE_PRODUCT = YES;
			};
			name = Release;
		};
		00E274DC185A430600D7E6F0 /* Debug */ = {
			isa = XCBuildConfiguration;
			baseConfigurationReference = F020E9529A2B47A08434263B /* Pods.xcconfig */;
			buildSettings = {
				ASSETCATALOG_COMPILER_APPICON_NAME = AppIcon;
				ASSETCATALOG_COMPILER_LAUNCHIMAGE_NAME = LaunchImage;
				GCC_PRECOMPILE_PREFIX_HEADER = YES;
				GCC_PREFIX_HEADER = "BMScalingTableView/BMScalingTableView-Prefix.pch";
				INFOPLIST_FILE = "BMScalingTableView/BMScalingTableView-Info.plist";
				PRODUCT_NAME = "$(TARGET_NAME)";
				WRAPPER_EXTENSION = app;
			};
			name = Debug;
		};
		00E274DD185A430600D7E6F0 /* Release */ = {
			isa = XCBuildConfiguration;
			baseConfigurationReference = F020E9529A2B47A08434263B /* Pods.xcconfig */;
			buildSettings = {
				ASSETCATALOG_COMPILER_APPICON_NAME = AppIcon;
				ASSETCATALOG_COMPILER_LAUNCHIMAGE_NAME = LaunchImage;
				GCC_PRECOMPILE_PREFIX_HEADER = YES;
				GCC_PREFIX_HEADER = "BMScalingTableView/BMScalingTableView-Prefix.pch";
				INFOPLIST_FILE = "BMScalingTableView/BMScalingTableView-Info.plist";
				PRODUCT_NAME = "$(TARGET_NAME)";
				WRAPPER_EXTENSION = app;
			};
			name = Release;
		};
		00E274DF185A430600D7E6F0 /* Debug */ = {
			isa = XCBuildConfiguration;
			buildSettings = {
				ARCHS = "$(ARCHS_STANDARD_INCLUDING_64_BIT)";
				BUNDLE_LOADER = "$(BUILT_PRODUCTS_DIR)/BMScalingTableView.app/BMScalingTableView";
				FRAMEWORK_SEARCH_PATHS = (
					"$(SDKROOT)/Developer/Library/Frameworks",
					"$(inherited)",
					"$(DEVELOPER_FRAMEWORKS_DIR)",
				);
				GCC_PRECOMPILE_PREFIX_HEADER = YES;
				GCC_PREFIX_HEADER = "BMScalingTableView/BMScalingTableView-Prefix.pch";
				GCC_PREPROCESSOR_DEFINITIONS = (
					"DEBUG=1",
					"$(inherited)",
				);
				INFOPLIST_FILE = "BMScalingTableViewTests/BMScalingTableViewTests-Info.plist";
				PRODUCT_NAME = "$(TARGET_NAME)";
				TEST_HOST = "$(BUNDLE_LOADER)";
				WRAPPER_EXTENSION = xctest;
			};
			name = Debug;
		};
		00E274E0185A430600D7E6F0 /* Release */ = {
			isa = XCBuildConfiguration;
			buildSettings = {
				ARCHS = "$(ARCHS_STANDARD_INCLUDING_64_BIT)";
				BUNDLE_LOADER = "$(BUILT_PRODUCTS_DIR)/BMScalingTableView.app/BMScalingTableView";
				FRAMEWORK_SEARCH_PATHS = (
					"$(SDKROOT)/Developer/Library/Frameworks",
					"$(inherited)",
					"$(DEVELOPER_FRAMEWORKS_DIR)",
				);
				GCC_PRECOMPILE_PREFIX_HEADER = YES;
				GCC_PREFIX_HEADER = "BMScalingTableView/BMScalingTableView-Prefix.pch";
				INFOPLIST_FILE = "BMScalingTableViewTests/BMScalingTableViewTests-Info.plist";
				PRODUCT_NAME = "$(TARGET_NAME)";
				TEST_HOST = "$(BUNDLE_LOADER)";
				WRAPPER_EXTENSION = xctest;
			};
			name = Release;
		};
/* End XCBuildConfiguration section */

/* Begin XCConfigurationList section */
		00E274AA185A430600D7E6F0 /* Build configuration list for PBXProject "BMScalingTableView" */ = {
			isa = XCConfigurationList;
			buildConfigurations = (
				00E274D9185A430600D7E6F0 /* Debug */,
				00E274DA185A430600D7E6F0 /* Release */,
			);
			defaultConfigurationIsVisible = 0;
			defaultConfigurationName = Release;
		};
		00E274DB185A430600D7E6F0 /* Build configuration list for PBXNativeTarget "BMScalingTableView" */ = {
			isa = XCConfigurationList;
			buildConfigurations = (
				00E274DC185A430600D7E6F0 /* Debug */,
				00E274DD185A430600D7E6F0 /* Release */,
			);
			defaultConfigurationIsVisible = 0;
			defaultConfigurationName = Release;
		};
		00E274DE185A430600D7E6F0 /* Build configuration list for PBXNativeTarget "BMScalingTableViewTests" */ = {
			isa = XCConfigurationList;
			buildConfigurations = (
				00E274DF185A430600D7E6F0 /* Debug */,
				00E274E0185A430600D7E6F0 /* Release */,
			);
			defaultConfigurationIsVisible = 0;
			defaultConfigurationName = Release;
		};
/* End XCConfigurationList section */
	};
	rootObject = 00E274A7185A430600D7E6F0 /* Project object */;
}
